
Microsoft Visual Studio Solution File, Format Version 12.00
# Visual Studio 15
VisualStudioVersion = 15.0.26430.15
MinimumVisualStudioVersion = 10.0.40219.1
Project("{FAE04EC0-301F-11D3-BF4B-00C04F79EFBC}") = "ProtractorLib", "ProtractorLib\ProtractorLib.csproj", "{7E1BE419-5844-4713-9937-3CDF3D2545E4}"
EndProject
Project("{FAE04EC0-301F-11D3-BF4B-00C04F79EFBC}") = "Basic_I2C", "Basic_I2C\Basic_I2C.csproj", "{118B379D-A00F-4B50-B131-F0AF36AA28FA}"
EndProject
Project("{2150E333-8FDC-42A3-9474-1A3956D46DE8}") = "Examples", "Examples", "{3905CE13-C7B6-4F6D-80F9-25D6CE399EF4}"
EndProject
Project("{FAE04EC0-301F-11D3-BF4B-00C04F79EFBC}") = "Basic_Serial", "Basic_Serial\Basic_Serial.csproj", "{06B49F6E-68F1-4B84-B629-BF80638CE6B5}"
EndProject
Project("{FAE04EC0-301F-11D3-BF4B-00C04F79EFBC}") = "Change_I2C_Address", "Change_I2C_Address\Change_I2C_Address.csproj", "{3816D373-73B2-49FE-A217-69C92079DEE8}"
EndProject
Project("{FAE04EC0-301F-11D3-BF4B-00C04F79EFBC}") = "Change_LED", "Change_LED\Change_LED.csproj", "{89B95491-A273-431B-A8FD-36341A3B002B}"
EndProject
Project("{FAE04EC0-301F-11D3-BF4B-00C04F79EFBC}") = "Change_Scan_Time", "Change_Scan_Time\Change_Scan_Time.csproj", "{6B1D4157-C6AB-48C3-82E1-E1B98934DFA6}"
EndProject
Project("{FAE04EC0-301F-11D3-BF4B-00C04F79EFBC}") = "Change_Serial_Baudrate", "Change_Serial_Baudrate\Change_Serial_Baudrate.csproj", "{D0AB75E3-493E-4CC4-BAD2-4EC965C1A361}"
EndProject
Global
	GlobalSection(SolutionConfigurationPlatforms) = preSolution
		Debug|Any CPU = Debug|Any CPU
		Debug|ARM = Debug|ARM
		Debug|x64 = Debug|x64
		Debug|x86 = Debug|x86
		Release|Any CPU = Release|Any CPU
		Release|ARM = Release|ARM
		Release|x64 = Release|x64
		Release|x86 = Release|x86
	EndGlobalSection
	GlobalSection(ProjectConfigurationPlatforms) = postSolution
		{7E1BE419-5844-4713-9937-3CDF3D2545E4}.Debug|Any CPU.ActiveCfg = Debug|Any CPU
		{7E1BE419-5844-4713-9937-3CDF3D2545E4}.Debug|Any CPU.Build.0 = Debug|Any CPU
		{7E1BE419-5844-4713-9937-3CDF3D2545E4}.Debug|ARM.ActiveCfg = Debug|ARM
		{7E1BE419-5844-4713-9937-3CDF3D2545E4}.Debug|ARM.Build.0 = Debug|ARM
		{7E1BE419-5844-4713-9937-3CDF3D2545E4}.Debug|x64.ActiveCfg = Debug|x64
		{7E1BE419-5844-4713-9937-3CDF3D2545E4}.Debug|x64.Build.0 = Debug|x64
		{7E1BE419-5844-4713-9937-3CDF3D2545E4}.Debug|x86.ActiveCfg = Debug|x86
		{7E1BE419-5844-4713-9937-3CDF3D2545E4}.Debug|x86.Build.0 = Debug|x86
		{7E1BE419-5844-4713-9937-3CDF3D2545E4}.Release|Any CPU.ActiveCfg = Release|Any CPU
		{7E1BE419-5844-4713-9937-3CDF3D2545E4}.Release|Any CPU.Build.0 = Release|Any CPU
		{7E1BE419-5844-4713-9937-3CDF3D2545E4}.Release|ARM.ActiveCfg = Release|ARM
		{7E1BE419-5844-4713-9937-3CDF3D2545E4}.Release|ARM.Build.0 = Release|ARM
		{7E1BE419-5844-4713-9937-3CDF3D2545E4}.Release|x64.ActiveCfg = Release|x64
		{7E1BE419-5844-4713-9937-3CDF3D2545E4}.Release|x64.Build.0 = Release|x64
		{7E1BE419-5844-4713-9937-3CDF3D2545E4}.Release|x86.ActiveCfg = Release|x86
		{7E1BE419-5844-4713-9937-3CDF3D2545E4}.Release|x86.Build.0 = Release|x86
		{118B379D-A00F-4B50-B131-F0AF36AA28FA}.Debug|Any CPU.ActiveCfg = Debug|x86
		{118B379D-A00F-4B50-B131-F0AF36AA28FA}.Debug|ARM.ActiveCfg = Debug|ARM
		{118B379D-A00F-4B50-B131-F0AF36AA28FA}.Debug|ARM.Build.0 = Debug|ARM
		{118B379D-A00F-4B50-B131-F0AF36AA28FA}.Debug|ARM.Deploy.0 = Debug|ARM
		{118B379D-A00F-4B50-B131-F0AF36AA28FA}.Debug|x64.ActiveCfg = Debug|x64
		{118B379D-A00F-4B50-B131-F0AF36AA28FA}.Debug|x64.Build.0 = Debug|x64
		{118B379D-A00F-4B50-B131-F0AF36AA28FA}.Debug|x64.Deploy.0 = Debug|x64
		{118B379D-A00F-4B50-B131-F0AF36AA28FA}.Debug|x86.ActiveCfg = Debug|x86
		{118B379D-A00F-4B50-B131-F0AF36AA28FA}.Debug|x86.Build.0 = Debug|x86
		{118B379D-A00F-4B50-B131-F0AF36AA28FA}.Debug|x86.Deploy.0 = Debug|x86
		{118B379D-A00F-4B50-B131-F0AF36AA28FA}.Release|Any CPU.ActiveCfg = Release|x86
		{118B379D-A00F-4B50-B131-F0AF36AA28FA}.Release|ARM.ActiveCfg = Release|ARM
		{118B379D-A00F-4B50-B131-F0AF36AA28FA}.Release|ARM.Build.0 = Release|ARM
		{118B379D-A00F-4B50-B131-F0AF36AA28FA}.Release|ARM.Deploy.0 = Release|ARM
		{118B379D-A00F-4B50-B131-F0AF36AA28FA}.Release|x64.ActiveCfg = Release|x64
		{118B379D-A00F-4B50-B131-F0AF36AA28FA}.Release|x64.Build.0 = Release|x64
		{118B379D-A00F-4B50-B131-F0AF36AA28FA}.Release|x64.Deploy.0 = Release|x64
		{118B379D-A00F-4B50-B131-F0AF36AA28FA}.Release|x86.ActiveCfg = Release|x86
		{118B379D-A00F-4B50-B131-F0AF36AA28FA}.Release|x86.Build.0 = Release|x86
		{118B379D-A00F-4B50-B131-F0AF36AA28FA}.Release|x86.Deploy.0 = Release|x86
		{06B49F6E-68F1-4B84-B629-BF80638CE6B5}.Debug|Any CPU.ActiveCfg = Debug|x86
		{06B49F6E-68F1-4B84-B629-BF80638CE6B5}.Debug|ARM.ActiveCfg = Debug|ARM
		{06B49F6E-68F1-4B84-B629-BF80638CE6B5}.Debug|ARM.Build.0 = Debug|ARM
		{06B49F6E-68F1-4B84-B629-BF80638CE6B5}.Debug|ARM.Deploy.0 = Debug|ARM
		{06B49F6E-68F1-4B84-B629-BF80638CE6B5}.Debug|x64.ActiveCfg = Debug|x64
		{06B49F6E-68F1-4B84-B629-BF80638CE6B5}.Debug|x64.Build.0 = Debug|x64
		{06B49F6E-68F1-4B84-B629-BF80638CE6B5}.Debug|x64.Deploy.0 = Debug|x64
		{06B49F6E-68F1-4B84-B629-BF80638CE6B5}.Debug|x86.ActiveCfg = Debug|x86
		{06B49F6E-68F1-4B84-B629-BF80638CE6B5}.Debug|x86.Build.0 = Debug|x86
		{06B49F6E-68F1-4B84-B629-BF80638CE6B5}.Debug|x86.Deploy.0 = Debug|x86
		{06B49F6E-68F1-4B84-B629-BF80638CE6B5}.Release|Any CPU.ActiveCfg = Release|x86
		{06B49F6E-68F1-4B84-B629-BF80638CE6B5}.Release|ARM.ActiveCfg = Release|ARM
		{06B49F6E-68F1-4B84-B629-BF80638CE6B5}.Release|ARM.Build.0 = Release|ARM
		{06B49F6E-68F1-4B84-B629-BF80638CE6B5}.Release|ARM.Deploy.0 = Release|ARM
		{06B49F6E-68F1-4B84-B629-BF80638CE6B5}.Release|x64.ActiveCfg = Release|x64
		{06B49F6E-68F1-4B84-B629-BF80638CE6B5}.Release|x64.Build.0 = Release|x64
		{06B49F6E-68F1-4B84-B629-BF80638CE6B5}.Release|x64.Deploy.0 = Release|x64
		{06B49F6E-68F1-4B84-B629-BF80638CE6B5}.Release|x86.ActiveCfg = Release|x86
		{06B49F6E-68F1-4B84-B629-BF80638CE6B5}.Release|x86.Build.0 = Release|x86
		{06B49F6E-68F1-4B84-B629-BF80638CE6B5}.Release|x86.Deploy.0 = Release|x86
		{3816D373-73B2-49FE-A217-69C92079DEE8}.Debug|Any CPU.ActiveCfg = Debug|x86
		{3816D373-73B2-49FE-A217-69C92079DEE8}.Debug|ARM.ActiveCfg = Debug|ARM
		{3816D373-73B2-49FE-A217-69C92079DEE8}.Debug|ARM.Build.0 = Debug|ARM
		{3816D373-73B2-49FE-A217-69C92079DEE8}.Debug|ARM.Deploy.0 = Debug|ARM
		{3816D373-73B2-49FE-A217-69C92079DEE8}.Debug|x64.ActiveCfg = Debug|x64
		{3816D373-73B2-49FE-A217-69C92079DEE8}.Debug|x64.Build.0 = Debug|x64
		{3816D373-73B2-49FE-A217-69C92079DEE8}.Debug|x64.Deploy.0 = Debug|x64
		{3816D373-73B2-49FE-A217-69C92079DEE8}.Debug|x86.ActiveCfg = Debug|x86
		{3816D373-73B2-49FE-A217-69C92079DEE8}.Debug|x86.Build.0 = Debug|x86
		{3816D373-73B2-49FE-A217-69C92079DEE8}.Debug|x86.Deploy.0 = Debug|x86
		{3816D373-73B2-49FE-A217-69C92079DEE8}.Release|Any CPU.ActiveCfg = Release|x86
		{3816D373-73B2-49FE-A217-69C92079DEE8}.Release|ARM.ActiveCfg = Release|ARM
		{3816D373-73B2-49FE-A217-69C92079DEE8}.Release|ARM.Build.0 = Release|ARM
		{3816D373-73B2-49FE-A217-69C92079DEE8}.Release|ARM.Deploy.0 = Release|ARM
		{3816D373-73B2-49FE-A217-69C92079DEE8}.Release|x64.ActiveCfg = Release|x64
		{3816D373-73B2-49FE-A217-69C92079DEE8}.Release|x64.Build.0 = Release|x64
		{3816D373-73B2-49FE-A217-69C92079DEE8}.Release|x64.Deploy.0 = Release|x64
		{3816D373-73B2-49FE-A217-69C92079DEE8}.Release|x86.ActiveCfg = Release|x86
		{3816D373-73B2-49FE-A217-69C92079DEE8}.Release|x86.Build.0 = Release|x86
		{3816D373-73B2-49FE-A217-69C92079DEE8}.Release|x86.Deploy.0 = Release|x86
		{89B95491-A273-431B-A8FD-36341A3B002B}.Debug|Any CPU.ActiveCfg = Debug|x86
		{89B95491-A273-431B-A8FD-36341A3B002B}.Debug|ARM.ActiveCfg = Debug|ARM
		{89B95491-A273-431B-A8FD-36341A3B002B}.Debug|ARM.Build.0 = Debug|ARM
		{89B95491-A273-431B-A8FD-36341A3B002B}.Debug|ARM.Deploy.0 = Debug|ARM
		{89B95491-A273-431B-A8FD-36341A3B002B}.Debug|x64.ActiveCfg = Debug|x64
		{89B95491-A273-431B-A8FD-36341A3B002B}.Debug|x64.Build.0 = Debug|x64
		{89B95491-A273-431B-A8FD-36341A3B002B}.Debug|x64.Deploy.0 = Debug|x64
		{89B95491-A273-431B-A8FD-36341A3B002B}.Debug|x86.ActiveCfg = Debug|x86
		{89B95491-A273-431B-A8FD-36341A3B002B}.Debug|x86.Build.0 = Debug|x86
		{89B95491-A273-431B-A8FD-36341A3B002B}.Debug|x86.Deploy.0 = Debug|x86
		{89B95491-A273-431B-A8FD-36341A3B002B}.Release|Any CPU.ActiveCfg = Release|x86
		{89B95491-A273-431B-A8FD-36341A3B002B}.Release|ARM.ActiveCfg = Release|ARM
		{89B95491-A273-431B-A8FD-36341A3B002B}.Release|ARM.Build.0 = Release|ARM
		{89B95491-A273-431B-A8FD-36341A3B002B}.Release|ARM.Deploy.0 = Release|ARM
		{89B95491-A273-431B-A8FD-36341A3B002B}.Release|x64.ActiveCfg = Release|x64
		{89B95491-A273-431B-A8FD-36341A3B002B}.Release|x64.Build.0 = Release|x64
		{89B95491-A273-431B-A8FD-36341A3B002B}.Release|x64.Deploy.0 = Release|x64
		{89B95491-A273-431B-A8FD-36341A3B002B}.Release|x86.ActiveCfg = Release|x86
		{89B95491-A273-431B-A8FD-36341A3B002B}.Release|x86.Build.0 = Release|x86
		{89B95491-A273-431B-A8FD-36341A3B002B}.Release|x86.Deploy.0 = Release|x86
		{6B1D4157-C6AB-48C3-82E1-E1B98934DFA6}.Debug|Any CPU.ActiveCfg = Debug|x86
		{6B1D4157-C6AB-48C3-82E1-E1B98934DFA6}.Debug|ARM.ActiveCfg = Debug|ARM
		{6B1D4157-C6AB-48C3-82E1-E1B98934DFA6}.Debug|ARM.Build.0 = Debug|ARM
		{6B1D4157-C6AB-48C3-82E1-E1B98934DFA6}.Debug|ARM.Deploy.0 = Debug|ARM
		{6B1D4157-C6AB-48C3-82E1-E1B98934DFA6}.Debug|x64.ActiveCfg = Debug|x64
		{6B1D4157-C6AB-48C3-82E1-E1B98934DFA6}.Debug|x64.Build.0 = Debug|x64
		{6B1D4157-C6AB-48C3-82E1-E1B98934DFA6}.Debug|x64.Deploy.0 = Debug|x64
		{6B1D4157-C6AB-48C3-82E1-E1B98934DFA6}.Debug|x86.ActiveCfg = Debug|x86
		{6B1D4157-C6AB-48C3-82E1-E1B98934DFA6}.Debug|x86.Build.0 = Debug|x86
		{6B1D4157-C6AB-48C3-82E1-E1B98934DFA6}.Debug|x86.Deploy.0 = Debug|x86
		{6B1D4157-C6AB-48C3-82E1-E1B98934DFA6}.Release|Any CPU.ActiveCfg = Release|x86
		{6B1D4157-C6AB-48C3-82E1-E1B98934DFA6}.Release|ARM.ActiveCfg = Release|ARM
		{6B1D4157-C6AB-48C3-82E1-E1B98934DFA6}.Release|ARM.Build.0 = Release|ARM
		{6B1D4157-C6AB-48C3-82E1-E1B98934DFA6}.Release|ARM.Deploy.0 = Release|ARM
		{6B1D4157-C6AB-48C3-82E1-E1B98934DFA6}.Release|x64.ActiveCfg = Release|x64
		{6B1D4157-C6AB-48C3-82E1-E1B98934DFA6}.Release|x64.Build.0 = Release|x64
		{6B1D4157-C6AB-48C3-82E1-E1B98934DFA6}.Release|x64.Deploy.0 = Release|x64
		{6B1D4157-C6AB-48C3-82E1-E1B98934DFA6}.Release|x86.ActiveCfg = Release|x86
		{6B1D4157-C6AB-48C3-82E1-E1B98934DFA6}.Release|x86.Build.0 = Release|x86
		{6B1D4157-C6AB-48C3-82E1-E1B98934DFA6}.Release|x86.Deploy.0 = Release|x86
		{D0AB75E3-493E-4CC4-BAD2-4EC965C1A361}.Debug|Any CPU.ActiveCfg = Debug|x86
		{D0AB75E3-493E-4CC4-BAD2-4EC965C1A361}.Debug|ARM.ActiveCfg = Debug|ARM
		{D0AB75E3-493E-4CC4-BAD2-4EC965C1A361}.Debug|ARM.Build.0 = Debug|ARM
		{D0AB75E3-493E-4CC4-BAD2-4EC965C1A361}.Debug|ARM.Deploy.0 = Debug|ARM
		{D0AB75E3-493E-4CC4-BAD2-4EC965C1A361}.Debug|x64.ActiveCfg = Debug|x64
		{D0AB75E3-493E-4CC4-BAD2-4EC965C1A361}.Debug|x64.Build.0 = Debug|x64
		{D0AB75E3-493E-4CC4-BAD2-4EC965C1A361}.Debug|x64.Deploy.0 = Debug|x64
		{D0AB75E3-493E-4CC4-BAD2-4EC965C1A361}.Debug|x86.ActiveCfg = Debug|x86
		{D0AB75E3-493E-4CC4-BAD2-4EC965C1A361}.Debug|x86.Build.0 = Debug|x86
		{D0AB75E3-493E-4CC4-BAD2-4EC965C1A361}.Debug|x86.Deploy.0 = Debug|x86
		{D0AB75E3-493E-4CC4-BAD2-4EC965C1A361}.Release|Any CPU.ActiveCfg = Release|x86
		{D0AB75E3-493E-4CC4-BAD2-4EC965C1A361}.Release|ARM.ActiveCfg = Release|ARM
		{D0AB75E3-493E-4CC4-BAD2-4EC965C1A361}.Release|ARM.Build.0 = Release|ARM
		{D0AB75E3-493E-4CC4-BAD2-4EC965C1A361}.Release|ARM.Deploy.0 = Release|ARM
		{D0AB75E3-493E-4CC4-BAD2-4EC965C1A361}.Release|x64.ActiveCfg = Release|x64
		{D0AB75E3-493E-4CC4-BAD2-4EC965C1A361}.Release|x64.Build.0 = Release|x64
		{D0AB75E3-493E-4CC4-BAD2-4EC965C1A361}.Release|x64.Deploy.0 = Release|x64
		{D0AB75E3-493E-4CC4-BAD2-4EC965C1A361}.Release|x86.ActiveCfg = Release|x86
		{D0AB75E3-493E-4CC4-BAD2-4EC965C1A361}.Release|x86.Build.0 = Release|x86
		{D0AB75E3-493E-4CC4-BAD2-4EC965C1A361}.Release|x86.Deploy.0 = Release|x86
	EndGlobalSection
	GlobalSection(SolutionProperties) = preSolution
		HideSolutionNode = FALSE
	EndGlobalSection
	GlobalSection(NestedProjects) = preSolution
		{118B379D-A00F-4B50-B131-F0AF36AA28FA} = {3905CE13-C7B6-4F6D-80F9-25D6CE399EF4}
		{06B49F6E-68F1-4B84-B629-BF80638CE6B5} = {3905CE13-C7B6-4F6D-80F9-25D6CE399EF4}
		{3816D373-73B2-49FE-A217-69C92079DEE8} = {3905CE13-C7B6-4F6D-80F9-25D6CE399EF4}
		{89B95491-A273-431B-A8FD-36341A3B002B} = {3905CE13-C7B6-4F6D-80F9-25D6CE399EF4}
		{6B1D4157-C6AB-48C3-82E1-E1B98934DFA6} = {3905CE13-C7B6-4F6D-80F9-25D6CE399EF4}
		{D0AB75E3-493E-4CC4-BAD2-4EC965C1A361} = {3905CE13-C7B6-4F6D-80F9-25D6CE399EF4}
	EndGlobalSection
EndGlobal
